{
  "nodes": {
    "clap-devtools": {
      "inputs": {
        "nixpkgs": [
          "nixpkgs"
        ]
      },
      "locked": {
        "lastModified": 1784348375,
        "narHash": "sha256-fgc75+Tu3Efilsd3ZqGDhfhpJGv4dE6V5W9nCzGmLdk=",
        "ref": "refs/heads/main",
        "rev": "db1bb868393ae4209bec2d5558ff188d342655aa",
        "revCount": 1,
        "type": "git",
        "url": "https://codeberg.org/kengo/clap-devtools"
      },
      "original": {
        "type": "git",
        "url": "https://codeberg.org/kengo/clap-devtools"
      }
    },
    "nixpkgs": {
      "locked": {
        "lastModified": 1784347607,
        "narHash": "sha256-VI5cdo27nEZ3m1SlgB8RvBbrqFUO2/dUgrrLWe407oA=",
        "owner": "NixOS",
        "repo": "nixpkgs",
        "rev": "31cd72fdba8fa052e437ce7e6879c4fe62def10f",
        "type": "github"
      },
      "original": {
        "owner": "NixOS",
        "ref": "nixpkgs-unstable",
        "repo": "nixpkgs",
        "type": "github"
      }
    },
    "root": {
      "inputs": {
        "clap-devtools": "clap-devtools",
        "nixpkgs": "nixpkgs",
        "zig": "zig"
      }
    },
    "zig": {
      "inputs": {
        "nixpkgs": [
          "nixpkgs"
        ]
      },
      "locked": {
        "lastModified": 1784322840,
        "narHash": "sha256-rkkybfQOQ0mQgW0UIpABP6fRGdOzhXnj1rmlpIwUEeI=",
        "owner": "silversquirl",
        "repo": "zig-flake",
        "rev": "4122149754c69c329684846df0e8413b91e24e61",
        "type": "github"
      },
      "original": {
        "owner": "silversquirl",
        "repo": "zig-flake",
        "type": "github"
      }
    }
  },
  "root": "root",
  "version": 7
}
